
Microsoft Visual Studio Solution File, Format Version 12.00
# Visual Studio Version 17
VisualStudioVersion = 17.13.35825.156
MinimumVisualStudioVersion = 10.0.40219.1
Project("{C9674DCB-5085-4A16-B785-4C70DD1589BD}") = "ETL_Fiorella", "ETL_Fiorella\ETL_Fiorella.dtproj", "{F85C94AE-3EE9-34D0-D34D-6AE46B653048}"
EndProject
Global
	GlobalSection(SolutionConfigurationPlatforms) = preSolution
		Development|Default = Development|Default
	EndGlobalSection
	GlobalSection(ProjectConfigurationPlatforms) = postSolution
		{F85C94AE-3EE9-34D0-D34D-6AE46B653048}.Development|Default.ActiveCfg = Development
		{F85C94AE-3EE9-34D0-D34D-6AE46B653048}.Development|Default.Build.0 = Development
	EndGlobalSection
	GlobalSection(SolutionProperties) = preSolution
		HideSolutionNode = FALSE
	EndGlobalSection
	GlobalSection(ExtensibilityGlobals) = postSolution
		SolutionGuid = {14E6BAE0-1963-40C5-A9FB-9823BBB1C17D}
	EndGlobalSection
EndGlobal
